
Microsoft Visual Studio Solution File, Format Version 12.00
# Visual Studio Version 17
VisualStudioVersion = 17.5.002.0
MinimumVisualStudioVersion = 10.0.40219.1
Project("{2150E333-8FDC-42A3-9474-1A3956D46DE8}") = "med_organisation", "med_organisation", "{1B077F40-CC56-44D4-9CE7-39185F7A2B46}"
EndProject
Project("{2150E333-8FDC-42A3-9474-1A3956D46DE8}") = "Program", "Program", "{B07819F0-17CB-4619-B257-42EB7DD74FAC}"
EndProject
Project("{9A19103F-16F7-4668-BE54-9A1E7A4F7556}") = "backend", "med_organisation\Program\backend\backend.csproj", "{DBF856C8-2194-402D-BAA5-02A74830A0D4}"
EndProject
Global
	GlobalSection(SolutionConfigurationPlatforms) = preSolution
		Debug|Any CPU = Debug|Any CPU
		Release|Any CPU = Release|Any CPU
	EndGlobalSection
	GlobalSection(ProjectConfigurationPlatforms) = postSolution
		{DBF856C8-2194-402D-BAA5-02A74830A0D4}.Debug|Any CPU.ActiveCfg = Debug|Any CPU
		{DBF856C8-2194-402D-BAA5-02A74830A0D4}.Debug|Any CPU.Build.0 = Debug|Any CPU
		{DBF856C8-2194-402D-BAA5-02A74830A0D4}.Release|Any CPU.ActiveCfg = Release|Any CPU
		{DBF856C8-2194-402D-BAA5-02A74830A0D4}.Release|Any CPU.Build.0 = Release|Any CPU
	EndGlobalSection
	GlobalSection(SolutionProperties) = preSolution
		HideSolutionNode = FALSE
	EndGlobalSection
	GlobalSection(NestedProjects) = preSolution
		{B07819F0-17CB-4619-B257-42EB7DD74FAC} = {1B077F40-CC56-44D4-9CE7-39185F7A2B46}
		{DBF856C8-2194-402D-BAA5-02A74830A0D4} = {B07819F0-17CB-4619-B257-42EB7DD74FAC}
	EndGlobalSection
	GlobalSection(ExtensibilityGlobals) = postSolution
		SolutionGuid = {F085931C-383E-4213-95F7-B9B546E030B0}
	EndGlobalSection
EndGlobal
